<?xml version="1.0" encoding="utf-8"?>
<Project ToolsVersion="4.0" xmlns="http://schemas.microsoft.com/developer/msbuild/2003">
  <ItemGroup>
    <Filter Include="Source Files">
      <UniqueIdentifier>{0440902e-4238-4a5a-9c92-46e4f26bfa3f}</UniqueIdentifier>
      <Extensions>cpp;c;cc;cxx;def;odl;idl;hpj;bat;asm;asmx</Extensions>
    </Filter>
    <Filter Include="Header Files">
      <UniqueIdentifier>{883c19f5-ef0d-432b-9514-a51bfc078054}</UniqueIdentifier>
      <Extensions>h;hh;hpp;hxx;hm;inl;inc;xsd</Extensions>
    </Filter>
    <Filter Include="Header Files\Cameras">
      <UniqueIdentifier>{38167553-eb13-4c59-a464-3a29ab0b4acb}</UniqueIdentifier>
    </Filter>
    <Filter Include="Source Files\Cameras">
      <UniqueIdentifier>{1b215105-2539-4ec5-b382-62f76dfd40ac}</UniqueIdentifier>
    </Filter>
    <Filter Include="Header Files\RenderGeometry">
      <UniqueIdentifier>{ba1a3917-d779-4dd2-bdf2-297c72c4a7a1}</UniqueIdentifier>
    </Filter>
    <Filter Include="Header Files\Texturing">
      <UniqueIdentifier>{7ad8c8ab-2672-44d2-a5a9-912dee218352}</UniqueIdentifier>
    </Filter>
    <Filter Include="Source Files\Texturing">
      <UniqueIdentifier>{a6b3a709-908f-44df-a01e-3d576ea4d992}</UniqueIdentifier>
    </Filter>
    <Filter Include="Resource Files">
      <UniqueIdentifier>{91dd65a5-3a5e-481c-bf77-950e893ab80e}</UniqueIdentifier>
    </Filter>
    <Filter Include="Header Files\Lighting">
      <UniqueIdentifier>{dfddc3ad-86db-4536-8e5b-8bd82c03be6d}</UniqueIdentifier>
    </Filter>
    <Filter Include="Source Files\Lighting">
      <UniqueIdentifier>{cfa1f2da-562d-49a0-8bf1-5dc2f65d5579}</UniqueIdentifier>
    </Filter>
  </ItemGroup>
  <ItemGroup>
    <ClCompile Include="src\gl_core_4_4.c">
      <Filter>Source Files</Filter>
    </ClCompile>
    <ClCompile Include="src\main.cpp">
      <Filter>Source Files</Filter>
    </ClCompile>
    <ClCompile Include="src\Gizmos.cpp">
      <Filter>Source Files</Filter>
    </ClCompile>
    <ClCompile Include="src\baseApp.cpp">
      <Filter>Source Files</Filter>
    </ClCompile>
    <ClCompile Include="src\solarSystem.cpp">
      <Filter>Source Files</Filter>
    </ClCompile>
    <ClCompile Include="src\CameraProjection.cpp">
      <Filter>Source Files\Cameras</Filter>
    </ClCompile>
    <ClCompile Include="src\baseCamera.cpp">
      <Filter>Source Files\Cameras</Filter>
    </ClCompile>
    <ClCompile Include="src\FlyCamera.cpp">
      <Filter>Source Files\Cameras</Filter>
    </ClCompile>
    <ClCompile Include="src\RenderGeo.cpp">
      <Filter>Source Files</Filter>
    </ClCompile>
    <ClCompile Include="src\Utility.cpp">
      <Filter>Source Files</Filter>
    </ClCompile>
    <ClCompile Include="src\Texturing.cpp">
      <Filter>Source Files\Texturing</Filter>
    </ClCompile>
    <ClCompile Include="src\LightingApp.cpp">
      <Filter>Source Files\Lighting</Filter>
    </ClCompile>
  </ItemGroup>
  <ItemGroup>
    <ClInclude Include="src\gl_core_4_4.h">
      <Filter>Header Files</Filter>
    </ClInclude>
    <ClInclude Include="src\Gizmos.h">
      <Filter>Header Files</Filter>
    </ClInclude>
    <ClInclude Include="src\baseApp.h">
      <Filter>Header Files</Filter>
    </ClInclude>
    <ClInclude Include="src\solarSystem.h">
      <Filter>Header Files</Filter>
    </ClInclude>
    <ClInclude Include="src\CameraProjection.h">
      <Filter>Header Files\Cameras</Filter>
    </ClInclude>
    <ClInclude Include="src\baseCamera.h">
      <Filter>Header Files\Cameras</Filter>
    </ClInclude>
    <ClInclude Include="src\FlyCamera.h">
      <Filter>Header Files\Cameras</Filter>
    </ClInclude>
    <ClInclude Include="src\RenderGeo.h">
      <Filter>Header Files\RenderGeometry</Filter>
    </ClInclude>
    <ClInclude Include="src\glm_header.h">
      <Filter>Header Files</Filter>
    </ClInclude>
    <ClInclude Include="src\Vertex.h">
      <Filter>Header Files\RenderGeometry</Filter>
    </ClInclude>
    <ClInclude Include="src\Utility.h">
      <Filter>Header Files\RenderGeometry</Filter>
    </ClInclude>
    <ClInclude Include="src\stb_image.h">
      <Filter>Header Files</Filter>
    </ClInclude>
    <ClInclude Include="src\Texturing.h">
      <Filter>Header Files\Texturing</Filter>
    </ClInclude>
    <ClInclude Include="src\LightingApp.h">
      <Filter>Header Files\Lighting</Filter>
    </ClInclude>
  </ItemGroup>
</Project>